// !$*UTF8*$!
{
	archiveVersion = 1;
	classes = {
	};
	objectVersion = 46;
	objects = {

/* Begin PBXBuildFile section */
		840D847C1AB5699D0092C886 /* main.m in Sources */ = {isa = PBXBuildFile; fileRef = 840D847B1AB5699D0092C886 /* main.m */; };
		840D847F1AB5699D0092C886 /* AppDelegate.m in Sources */ = {isa = PBXBuildFile; fileRef = 840D847E1AB5699D0092C886 /* AppDelegate.m */; };
		840D84871AB5699D0092C886 /* Images.xcassets in Resources */ = {isa = PBXBuildFile; fileRef = 840D84861AB5699D0092C886 /* Images.xcassets */; };
		840D84961AB5699D0092C886 /* TRNTests.m in Sources */ = {isa = PBXBuildFile; fileRef = 840D84951AB5699D0092C886 /* TRNTests.m */; };
		840D84A31AB56D970092C886 /* EventFeedViewController.m in Sources */ = {isa = PBXBuildFile; fileRef = 840D84A11AB56D970092C886 /* EventFeedViewController.m */; };
		840D84A41AB56D970092C886 /* EventFeedViewController.xib in Resources */ = {isa = PBXBuildFile; fileRef = 840D84A21AB56D970092C886 /* EventFeedViewController.xib */; };
		840D84A91AB56DEA0092C886 /* LoginViewController.m in Sources */ = {isa = PBXBuildFile; fileRef = 840D84A71AB56DEA0092C886 /* LoginViewController.m */; };
		840D84AA1AB56DEA0092C886 /* LoginViewController.xib in Resources */ = {isa = PBXBuildFile; fileRef = 840D84A81AB56DEA0092C886 /* LoginViewController.xib */; };
/* End PBXBuildFile section */

/* Begin PBXContainerItemProxy section */
		840D84901AB5699D0092C886 /* PBXContainerItemProxy */ = {
			isa = PBXContainerItemProxy;
			containerPortal = 840D846E1AB5699D0092C886 /* Project object */;
			proxyType = 1;
			remoteGlobalIDString = 840D84751AB5699D0092C886;
			remoteInfo = TRN;
		};
/* End PBXContainerItemProxy section */

/* Begin PBXFileReference section */
		840D84761AB5699D0092C886 /* TRN.app */ = {isa = PBXFileReference; explicitFileType = wrapper.application; includeInIndex = 0; path = TRN.app; sourceTree = BUILT_PRODUCTS_DIR; };
		840D847A1AB5699D0092C886 /* Info.plist */ = {isa = PBXFileReference; lastKnownFileType = text.plist.xml; path = Info.plist; sourceTree = "<group>"; };
		840D847B1AB5699D0092C886 /* main.m */ = {isa = PBXFileReference; lastKnownFileType = sourcecode.c.objc; path = main.m; sourceTree = "<group>"; };
		840D847D1AB5699D0092C886 /* AppDelegate.h */ = {isa = PBXFileReference; lastKnownFileType = sourcecode.c.h; path = AppDelegate.h; sourceTree = "<group>"; };
		840D847E1AB5699D0092C886 /* AppDelegate.m */ = {isa = PBXFileReference; lastKnownFileType = sourcecode.c.objc; path = AppDelegate.m; sourceTree = "<group>"; };
		840D84861AB5699D0092C886 /* Images.xcassets */ = {isa = PBXFileReference; lastKnownFileType = folder.assetcatalog; path = Images.xcassets; sourceTree = "<group>"; };
		840D848F1AB5699D0092C886 /* TRNTests.xctest */ = {isa = PBXFileReference; explicitFileType = wrapper.cfbundle; includeInIndex = 0; path = TRNTests.xctest; sourceTree = BUILT_PRODUCTS_DIR; };
		840D84941AB5699D0092C886 /* Info.plist */ = {isa = PBXFileReference; lastKnownFileType = text.plist.xml; path = Info.plist; sourceTree = "<group>"; };
		840D84951AB5699D0092C886 /* TRNTests.m */ = {isa = PBXFileReference; lastKnownFileType = sourcecode.c.objc; path = TRNTests.m; sourceTree = "<group>"; };
		840D84A01AB56D970092C886 /* EventFeedViewController.h */ = {isa = PBXFileReference; fileEncoding = 4; lastKnownFileType = sourcecode.c.h; path = EventFeedViewController.h; sourceTree = "<group>"; };
		840D84A11AB56D970092C886 /* EventFeedViewController.m */ = {isa = PBXFileReference; fileEncoding = 4; lastKnownFileType = sourcecode.c.objc; path = EventFeedViewController.m; sourceTree = "<group>"; };
		840D84A21AB56D970092C886 /* EventFeedViewController.xib */ = {isa = PBXFileReference; fileEncoding = 4; lastKnownFileType = file.xib; path = EventFeedViewController.xib; sourceTree = "<group>"; };
		840D84A61AB56DEA0092C886 /* LoginViewController.h */ = {isa = PBXFileReference; fileEncoding = 4; lastKnownFileType = sourcecode.c.h; path = LoginViewController.h; sourceTree = "<group>"; };
		840D84A71AB56DEA0092C886 /* LoginViewController.m */ = {isa = PBXFileReference; fileEncoding = 4; lastKnownFileType = sourcecode.c.objc; path = LoginViewController.m; sourceTree = "<group>"; };
		840D84A81AB56DEA0092C886 /* LoginViewController.xib */ = {isa = PBXFileReference; fileEncoding = 4; lastKnownFileType = file.xib; path = LoginViewController.xib; sourceTree = "<group>"; };
/* End PBXFileReference section */

/* Begin PBXFrameworksBuildPhase section */
		840D84731AB5699D0092C886 /* Frameworks */ = {
			isa = PBXFrameworksBuildPhase;
			buildActionMask = 2147483647;
			files = (
			);
			runOnlyForDeploymentPostprocessing = 0;
		};
		840D848C1AB5699D0092C886 /* Frameworks */ = {
			isa = PBXFrameworksBuildPhase;
			buildActionMask = 2147483647;
			files = (
			);
			runOnlyForDeploymentPostprocessing = 0;
		};
/* End PBXFrameworksBuildPhase section */

/* Begin PBXGroup section */
		840D846D1AB5699D0092C886 = {
			isa = PBXGroup;
			children = (
				840D84781AB5699D0092C886 /* TRN */,
				840D84921AB5699D0092C886 /* TRNTests */,
				840D84771AB5699D0092C886 /* Products */,
			);
			sourceTree = "<group>";
		};
		840D84771AB5699D0092C886 /* Products */ = {
			isa = PBXGroup;
			children = (
				840D84761AB5699D0092C886 /* TRN.app */,
				840D848F1AB5699D0092C886 /* TRNTests.xctest */,
			);
			name = Products;
			sourceTree = "<group>";
		};
		840D84781AB5699D0092C886 /* TRN */ = {
			isa = PBXGroup;
			children = (
				840D84A51AB56DCE0092C886 /* LoginInterface */,
				840D849F1AB56D790092C886 /* EventInterface */,
				840D847D1AB5699D0092C886 /* AppDelegate.h */,
				840D847E1AB5699D0092C886 /* AppDelegate.m */,
				840D84861AB5699D0092C886 /* Images.xcassets */,
				840D84791AB5699D0092C886 /* Supporting Files */,
			);
			path = TRN;
			sourceTree = "<group>";
		};
		840D84791AB5699D0092C886 /* Supporting Files */ = {
			isa = PBXGroup;
			children = (
				840D847A1AB5699D0092C886 /* Info.plist */,
				840D847B1AB5699D0092C886 /* main.m */,
			);
			name = "Supporting Files";
			sourceTree = "<group>";
		};
		840D84921AB5699D0092C886 /* TRNTests */ = {
			isa = PBXGroup;
			children = (
				840D84951AB5699D0092C886 /* TRNTests.m */,
				840D84931AB5699D0092C886 /* Supporting Files */,
			);
			path = TRNTests;
			sourceTree = "<group>";
		};
		840D84931AB5699D0092C886 /* Supporting Files */ = {
			isa = PBXGroup;
			children = (
				840D84941AB5699D0092C886 /* Info.plist */,
			);
			name = "Supporting Files";
			sourceTree = "<group>";
		};
		840D849F1AB56D790092C886 /* EventInterface */ = {
			isa = PBXGroup;
			children = (
				840D84A01AB56D970092C886 /* EventFeedViewController.h */,
				840D84A11AB56D970092C886 /* EventFeedViewController.m */,
				840D84A21AB56D970092C886 /* EventFeedViewController.xib */,
			);
			name = EventInterface;
			sourceTree = "<group>";
		};
		840D84A51AB56DCE0092C886 /* LoginInterface */ = {
			isa = PBXGroup;
			children = (
				840D84A61AB56DEA0092C886 /* LoginViewController.h */,
				840D84A71AB56DEA0092C886 /* LoginViewController.m */,
				840D84A81AB56DEA0092C886 /* LoginViewController.xib */,
			);
			name = LoginInterface;
			sourceTree = "<group>";
		};
/* End PBXGroup section */

/* Begin PBXNativeTarget section */
		840D84751AB5699D0092C886 /* TRN */ = {
			isa = PBXNativeTarget;
			buildConfigurationList = 840D84991AB5699D0092C886 /* Build configuration list for PBXNativeTarget "TRN" */;
			buildPhases = (
				840D84721AB5699D0092C886 /* Sources */,
				840D84731AB5699D0092C886 /* Frameworks */,
				840D84741AB5699D0092C886 /* Resources */,
			);
			buildRules = (
			);
			dependencies = (
			);
			name = TRN;
			productName = TRN;
			productReference = 840D84761AB5699D0092C886 /* TRN.app */;
			productType = "com.apple.product-type.application";
		};
		840D848E1AB5699D0092C886 /* TRNTests */ = {
			isa = PBXNativeTarget;
			buildConfigurationList = 840D849C1AB5699D0092C886 /* Build configuration list for PBXNativeTarget "TRNTests" */;
			buildPhases = (
				840D848B1AB5699D0092C886 /* Sources */,
				840D848C1AB5699D0092C886 /* Frameworks */,
				840D848D1AB5699D0092C886 /* Resources */,
			);
			buildRules = (
			);
			dependencies = (
				840D84911AB5699D0092C886 /* PBXTargetDependency */,
			);
			name = TRNTests;
			productName = TRNTests;
			productReference = 840D848F1AB5699D0092C886 /* TRNTests.xctest */;
			productType = "com.apple.product-type.bundle.unit-test";
		};
/* End PBXNativeTarget section */

/* Begin PBXProject section */
		840D846E1AB5699D0092C886 /* Project object */ = {
			isa = PBXProject;
			attributes = {
				LastUpgradeCheck = 0610;
				ORGANIZATIONNAME = "William Gu";
				TargetAttributes = {
					840D84751AB5699D0092C886 = {
						CreatedOnToolsVersion = 6.1.1;
					};
					840D848E1AB5699D0092C886 = {
						CreatedOnToolsVersion = 6.1.1;
						TestTargetID = 840D84751AB5699D0092C886;
					};
				};
			};
			buildConfigurationList = 840D84711AB5699D0092C886 /* Build configuration list for PBXProject "TRN" */;
			compatibilityVersion = "Xcode 3.2";
			developmentRegion = English;
			hasScannedForEncodings = 0;
			knownRegions = (
				en,
				Base,
			);
			mainGroup = 840D846D1AB5699D0092C886;
			productRefGroup = 840D84771AB5699D0092C886 /* Products */;
			projectDirPath = "";
			projectRoot = "";
			targets = (
				840D84751AB5699D0092C886 /* TRN */,
				840D848E1AB5699D0092C886 /* TRNTests */,
			);
		};
/* End PBXProject section */

/* Begin PBXResourcesBuildPhase section */
		840D84741AB5699D0092C886 /* Resources */ = {
			isa = PBXResourcesBuildPhase;
			buildActionMask = 2147483647;
			files = (
				840D84871AB5699D0092C886 /* Images.xcassets in Resources */,
				840D84A41AB56D970092C886 /* EventFeedViewController.xib in Resources */,
				840D84AA1AB56DEA0092C886 /* LoginViewController.xib in Resources */,
			);
			runOnlyForDeploymentPostprocessing = 0;
		};
		840D848D1AB5699D0092C886 /* Resources */ = {
			isa = PBXResourcesBuildPhase;
			buildActionMask = 2147483647;
			files = (
			);
			runOnlyForDeploymentPostprocessing = 0;
		};
/* End PBXResourcesBuildPhase section */

/* Begin PBXSourcesBuildPhase section */
		840D84721AB5699D0092C886 /* Sources */ = {
			isa = PBXSourcesBuildPhase;
			buildActionMask = 2147483647;
			files = (
				840D84A91AB56DEA0092C886 /* LoginViewController.m in Sources */,
				840D847F1AB5699D0092C886 /* AppDelegate.m in Sources */,
				840D84A31AB56D970092C886 /* EventFeedViewController.m in Sources */,
				840D847C1AB5699D0092C886 /* main.m in Sources */,
			);
			runOnlyForDeploymentPostprocessing = 0;
		};
		840D848B1AB5699D0092C886 /* Sources */ = {
			isa = PBXSourcesBuildPhase;
			buildActionMask = 2147483647;
			files = (
				840D84961AB5699D0092C886 /* TRNTests.m in Sources */,
			);
			runOnlyForDeploymentPostprocessing = 0;
		};
/* End PBXSourcesBuildPhase section */

/* Begin PBXTargetDependency section */
		840D84911AB5699D0092C886 /* PBXTargetDependency */ = {
			isa = PBXTargetDependency;
			target = 840D84751AB5699D0092C886 /* TRN */;
			targetProxy = 840D84901AB5699D0092C886 /* PBXContainerItemProxy */;
		};
/* End PBXTargetDependency section */

/* Begin XCBuildConfiguration section */
		840D84971AB5699D0092C886 /* Debug */ = {
			isa = XCBuildConfiguration;
			buildSettings = {
				ALWAYS_SEARCH_USER_PATHS = NO;
				CLANG_CXX_LANGUAGE_STANDARD = "gnu++0x";
				CLANG_CXX_LIBRARY = "libc++";
				CLANG_ENABLE_MODULES = YES;
				CLANG_ENABLE_OBJC_ARC = YES;
				CLANG_WARN_BOOL_CONVERSION = YES;
				CLANG_WARN_CONSTANT_CONVERSION = YES;
				CLANG_WARN_DIRECT_OBJC_ISA_USAGE = YES_ERROR;
				CLANG_WARN_EMPTY_BODY = YES;
				CLANG_WARN_ENUM_CONVERSION = YES;
				CLANG_WARN_INT_CONVERSION = YES;
				CLANG_WARN_OBJC_ROOT_CLASS = YES_ERROR;
				CLANG_WARN_UNREACHABLE_CODE = YES;
				CLANG_WARN__DUPLICATE_METHOD_MATCH = YES;
				"CODE_SIGN_IDENTITY[sdk=iphoneos*]" = "iPhone Developer";
				COPY_PHASE_STRIP = NO;
				ENABLE_STRICT_OBJC_MSGSEND = YES;
				GCC_C_LANGUAGE_STANDARD = gnu99;
				GCC_DYNAMIC_NO_PIC = NO;
				GCC_OPTIMIZATION_LEVEL = 0;
				GCC_PREPROCESSOR_DEFINITIONS = (
					"DEBUG=1",
					"$(inherited)",
				);
				GCC_SYMBOLS_PRIVATE_EXTERN = NO;
				GCC_WARN_64_TO_32_BIT_CONVERSION = YES;
				GCC_WARN_ABOUT_RETURN_TYPE = YES_ERROR;
				GCC_WARN_UNDECLARED_SELECTOR = YES;
				GCC_WARN_UNINITIALIZED_AUTOS = YES_AGGRESSIVE;
				GCC_WARN_UNUSED_FUNCTION = YES;
				GCC_WARN_UNUSED_VARIABLE = YES;
				IPHONEOS_DEPLOYMENT_TARGET = 8.1;
				MTL_ENABLE_DEBUG_INFO = YES;
				ONLY_ACTIVE_ARCH = YES;
				SDKROOT = iphoneos;
			};
			name = Debug;
		};
		840D84981AB5699D0092C886 /* Release */ = {
			isa = XCBuildConfiguration;
			buildSettings = {
				ALWAYS_SEARCH_USER_PATHS = NO;
				CLANG_CXX_LANGUAGE_STANDARD = "gnu++0x";
				CLANG_CXX_LIBRARY = "libc++";
				CLANG_ENABLE_MODULES = YES;
				CLANG_ENABLE_OBJC_ARC = YES;
				CLANG_WARN_BOOL_CONVERSION = YES;
				CLANG_WARN_CONSTANT_CONVERSION = YES;
				CLANG_WARN_DIRECT_OBJC_ISA_USAGE = YES_ERROR;
				CLANG_WARN_EMPTY_BODY = YES;
				CLANG_WARN_ENUM_CONVERSION = YES;
				CLANG_WARN_INT_CONVERSION = YES;
				CLANG_WARN_OBJC_ROOT_CLASS = YES_ERROR;
				CLANG_WARN_UNREACHABLE_CODE = YES;
				CLANG_WARN__DUPLICATE_METHOD_MATCH = YES;
				"CODE_SIGN_IDENTITY[sdk=iphoneos*]" = "iPhone Developer";
				COPY_PHASE_STRIP = YES;
				ENABLE_NS_ASSERTIONS = NO;
				ENABLE_STRICT_OBJC_MSGSEND = YES;
				GCC_C_LANGUAGE_STANDARD = gnu99;
				GCC_WARN_64_TO_32_BIT_CONVERSION = YES;
				GCC_WARN_ABOUT_RETURN_TYPE = YES_ERROR;
				GCC_WARN_UNDECLARED_SELECTOR = YES;
				GCC_WARN_UNINITIALIZED_AUTOS = YES_AGGRESSIVE;
				GCC_WARN_UNUSED_FUNCTION = YES;
				GCC_WARN_UNUSED_VARIABLE = YES;
				IPHONEOS_DEPLOYMENT_TARGET = 8.1;
				MTL_ENABLE_DEBUG_INFO = NO;
				SDKROOT = iphoneos;
				VALIDATE_PRODUCT = YES;
			};
			name = Release;
		};
		840D849A1AB5699D0092C886 /* Debug */ = {
			isa = XCBuildConfiguration;
			buildSettings = {
				ASSETCATALOG_COMPILER_APPICON_NAME = AppIcon;
				INFOPLIST_FILE = TRN/Info.plist;
				IPHONEOS_DEPLOYMENT_TARGET = 7.0;
				LD_RUNPATH_SEARCH_PATHS = "$(inherited) @executable_path/Frameworks";
				PRODUCT_NAME = "$(TARGET_NAME)";
			};
			name = Debug;
		};
		840D849B1AB5699D0092C886 /* Release */ = {
			isa = XCBuildConfiguration;
			buildSettings = {
				ASSETCATALOG_COMPILER_APPICON_NAME = AppIcon;
				INFOPLIST_FILE = TRN/Info.plist;
				IPHONEOS_DEPLOYMENT_TARGET = 7.0;
				LD_RUNPATH_SEARCH_PATHS = "$(inherited) @executable_path/Frameworks";
				PRODUCT_NAME = "$(TARGET_NAME)";
			};
			name = Release;
		};
		840D849D1AB5699D0092C886 /* Debug */ = {
			isa = XCBuildConfiguration;
			buildSettings = {
				BUNDLE_LOADER = "$(TEST_HOST)";
				FRAMEWORK_SEARCH_PATHS = (
					"$(SDKROOT)/Developer/Library/Frameworks",
					"$(inherited)",
				);
				GCC_PREPROCESSOR_DEFINITIONS = (
					"DEBUG=1",
					"$(inherited)",
				);
				INFOPLIST_FILE = TRNTests/Info.plist;
				LD_RUNPATH_SEARCH_PATHS = "$(inherited) @executable_path/Frameworks @loader_path/Frameworks";
				PRODUCT_NAME = "$(TARGET_NAME)";
				TEST_HOST = "$(BUILT_PRODUCTS_DIR)/TRN.app/TRN";
			};
			name = Debug;
		};
		840D849E1AB5699D0092C886 /* Release */ = {
			isa = XCBuildConfiguration;
			buildSettings = {
				BUNDLE_LOADER = "$(TEST_HOST)";
				FRAMEWORK_SEARCH_PATHS = (
					"$(SDKROOT)/Developer/Library/Frameworks",
					"$(inherited)",
				);
				INFOPLIST_FILE = TRNTests/Info.plist;
				LD_RUNPATH_SEARCH_PATHS = "$(inherited) @executable_path/Frameworks @loader_path/Frameworks";
				PRODUCT_NAME = "$(TARGET_NAME)";
				TEST_HOST = "$(BUILT_PRODUCTS_DIR)/TRN.app/TRN";
			};
			name = Release;
		};
/* End XCBuildConfiguration section */

/* Begin XCConfigurationList section */
		840D84711AB5699D0092C886 /* Build configuration list for PBXProject "TRN" */ = {
			isa = XCConfigurationList;
			buildConfigurations = (
				840D84971AB5699D0092C886 /* Debug */,
				840D84981AB5699D0092C886 /* Release */,
			);
			defaultConfigurationIsVisible = 0;
			defaultConfigurationName = Release;
		};
		840D84991AB5699D0092C886 /* Build configuration list for PBXNativeTarget "TRN" */ = {
			isa = XCConfigurationList;
			buildConfigurations = (
				840D849A1AB5699D0092C886 /* Debug */,
				840D849B1AB5699D0092C886 /* Release */,
			);
			defaultConfigurationIsVisible = 0;
		};
		840D849C1AB5699D0092C886 /* Build configuration list for PBXNativeTarget "TRNTests" */ = {
			isa = XCConfigurationList;
			buildConfigurations = (
				840D849D1AB5699D0092C886 /* Debug */,
				840D849E1AB5699D0092C886 /* Release */,
			);
			defaultConfigurationIsVisible = 0;
		};
/* End XCConfigurationList section */
	};
	rootObject = 840D846E1AB5699D0092C886 /* Project object */;
}
